// !$*UTF8*$!
{
	archiveVersion = 1;
	classes = {
	};
	objectVersion = 50;
	objects = {

/* Begin PBXBuildFile section */
		2DF569B7D5077AC8B7CBDF91 /* Pods_MinecraftServerStatus.framework in Frameworks */ = {isa = PBXBuildFile; fileRef = D16506FD11305089F1430557 /* Pods_MinecraftServerStatus.framework */; };
		97564EAD068D7B45AC10C2B4 /* Pods_MinecraftServerStatusUITests.framework in Frameworks */ = {isa = PBXBuildFile; fileRef = 7FA2603564DC753981431FF9 /* Pods_MinecraftServerStatusUITests.framework */; };
		9A15AB4D210D13B7005696F4 /* AppDelegate.swift in Sources */ = {isa = PBXBuildFile; fileRef = 9A15AB4C210D13B7005696F4 /* AppDelegate.swift */; };
		9A15AB52210D13B7005696F4 /* Main.storyboard in Resources */ = {isa = PBXBuildFile; fileRef = 9A15AB50210D13B7005696F4 /* Main.storyboard */; };
		9A15AB54210D13B8005696F4 /* Assets.xcassets in Resources */ = {isa = PBXBuildFile; fileRef = 9A15AB53210D13B8005696F4 /* Assets.xcassets */; };
		9A15AB57210D13B8005696F4 /* LaunchScreen.storyboard in Resources */ = {isa = PBXBuildFile; fileRef = 9A15AB55210D13B8005696F4 /* LaunchScreen.storyboard */; };
		9A15AB62210D13B8005696F4 /* MinecraftServerStatusTests.swift in Sources */ = {isa = PBXBuildFile; fileRef = 9A15AB61210D13B8005696F4 /* MinecraftServerStatusTests.swift */; };
		9A15AB6D210D13B8005696F4 /* MinecraftServerStatusUITests.swift in Sources */ = {isa = PBXBuildFile; fileRef = 9A15AB6C210D13B8005696F4 /* MinecraftServerStatusUITests.swift */; };
		9A15AB7B210D142B005696F4 /* Server.swift in Sources */ = {isa = PBXBuildFile; fileRef = 9A15AB7A210D142B005696F4 /* Server.swift */; };
		9A15AB7E210D9620005696F4 /* ServerTableViewCell.swift in Sources */ = {isa = PBXBuildFile; fileRef = 9A15AB7C210D9620005696F4 /* ServerTableViewCell.swift */; };
		9A15AB7F210D9620005696F4 /* ServerTableViewCell.xib in Resources */ = {isa = PBXBuildFile; fileRef = 9A15AB7D210D9620005696F4 /* ServerTableViewCell.xib */; };
		9A15AB81210DA515005696F4 /* ServerTableViewController.swift in Sources */ = {isa = PBXBuildFile; fileRef = 9A15AB80210DA515005696F4 /* ServerTableViewController.swift */; };
		9A616819212405B5000F7810 /* TileBackgroundView.swift in Sources */ = {isa = PBXBuildFile; fileRef = 9A616818212405B5000F7810 /* TileBackgroundView.swift */; };
		9A61681B2124909D000F7810 /* AddressTextField.swift in Sources */ = {isa = PBXBuildFile; fileRef = 9A61681A2124909D000F7810 /* AddressTextField.swift */; };
		9A7F97E52123EAC500C1C06B /* UIStatusView.swift in Sources */ = {isa = PBXBuildFile; fileRef = 9A7F97E42123EAC500C1C06B /* UIStatusView.swift */; };
		E5C656EE64330442F34D4E22 /* Pods_MinecraftServerStatusTests.framework in Frameworks */ = {isa = PBXBuildFile; fileRef = F8819FDB85A9BB5EFDCD58C7 /* Pods_MinecraftServerStatusTests.framework */; };
/* End PBXBuildFile section */

/* Begin PBXContainerItemProxy section */
		9A15AB5E210D13B8005696F4 /* PBXContainerItemProxy */ = {
			isa = PBXContainerItemProxy;
			containerPortal = 9A15AB41210D13B7005696F4 /* Project object */;
			proxyType = 1;
			remoteGlobalIDString = 9A15AB48210D13B7005696F4;
			remoteInfo = MinecraftServerStatus;
		};
		9A15AB69210D13B8005696F4 /* PBXContainerItemProxy */ = {
			isa = PBXContainerItemProxy;
			containerPortal = 9A15AB41210D13B7005696F4 /* Project object */;
			proxyType = 1;
			remoteGlobalIDString = 9A15AB48210D13B7005696F4;
			remoteInfo = MinecraftServerStatus;
		};
/* End PBXContainerItemProxy section */

/* Begin PBXFileReference section */
		1DEFA3A912D2850056B57195 /* Pods-MinecraftServerStatusTests.release.xcconfig */ = {isa = PBXFileReference; includeInIndex = 1; lastKnownFileType = text.xcconfig; name = "Pods-MinecraftServerStatusTests.release.xcconfig"; path = "Pods/Target Support Files/Pods-MinecraftServerStatusTests/Pods-MinecraftServerStatusTests.release.xcconfig"; sourceTree = "<group>"; };
		44667234F4C6A3DD653CB7F4 /* Pods-MinecraftServerStatusUITests.release.xcconfig */ = {isa = PBXFileReference; includeInIndex = 1; lastKnownFileType = text.xcconfig; name = "Pods-MinecraftServerStatusUITests.release.xcconfig"; path = "Pods/Target Support Files/Pods-MinecraftServerStatusUITests/Pods-MinecraftServerStatusUITests.release.xcconfig"; sourceTree = "<group>"; };
		4D20AA09600BE24850DAD42F /* Pods-MinecraftServerStatus.release.xcconfig */ = {isa = PBXFileReference; includeInIndex = 1; lastKnownFileType = text.xcconfig; name = "Pods-MinecraftServerStatus.release.xcconfig"; path = "Pods/Target Support Files/Pods-MinecraftServerStatus/Pods-MinecraftServerStatus.release.xcconfig"; sourceTree = "<group>"; };
		69A64BFCC8719BCE45974B90 /* Pods-MinecraftServerStatusUITests.debug.xcconfig */ = {isa = PBXFileReference; includeInIndex = 1; lastKnownFileType = text.xcconfig; name = "Pods-MinecraftServerStatusUITests.debug.xcconfig"; path = "Pods/Target Support Files/Pods-MinecraftServerStatusUITests/Pods-MinecraftServerStatusUITests.debug.xcconfig"; sourceTree = "<group>"; };
		7FA2603564DC753981431FF9 /* Pods_MinecraftServerStatusUITests.framework */ = {isa = PBXFileReference; explicitFileType = wrapper.framework; includeInIndex = 0; path = Pods_MinecraftServerStatusUITests.framework; sourceTree = BUILT_PRODUCTS_DIR; };
		97B718883CA3ACAF4C74B21A /* Pods-MinecraftServerStatus.debug.xcconfig */ = {isa = PBXFileReference; includeInIndex = 1; lastKnownFileType = text.xcconfig; name = "Pods-MinecraftServerStatus.debug.xcconfig"; path = "Pods/Target Support Files/Pods-MinecraftServerStatus/Pods-MinecraftServerStatus.debug.xcconfig"; sourceTree = "<group>"; };
		9A15AB49210D13B7005696F4 /* MinecraftServerStatus.app */ = {isa = PBXFileReference; explicitFileType = wrapper.application; includeInIndex = 0; path = MinecraftServerStatus.app; sourceTree = BUILT_PRODUCTS_DIR; };
		9A15AB4C210D13B7005696F4 /* AppDelegate.swift */ = {isa = PBXFileReference; lastKnownFileType = sourcecode.swift; path = AppDelegate.swift; sourceTree = "<group>"; };
		9A15AB51210D13B7005696F4 /* Base */ = {isa = PBXFileReference; lastKnownFileType = file.storyboard; name = Base; path = Base.lproj/Main.storyboard; sourceTree = "<group>"; };
		9A15AB53210D13B8005696F4 /* Assets.xcassets */ = {isa = PBXFileReference; lastKnownFileType = folder.assetcatalog; path = Assets.xcassets; sourceTree = "<group>"; };
		9A15AB56210D13B8005696F4 /* Base */ = {isa = PBXFileReference; lastKnownFileType = file.storyboard; name = Base; path = Base.lproj/LaunchScreen.storyboard; sourceTree = "<group>"; };
		9A15AB58210D13B8005696F4 /* Info.plist */ = {isa = PBXFileReference; lastKnownFileType = text.plist.xml; path = Info.plist; sourceTree = "<group>"; };
		9A15AB5D210D13B8005696F4 /* MinecraftServerStatusTests.xctest */ = {isa = PBXFileReference; explicitFileType = wrapper.cfbundle; includeInIndex = 0; path = MinecraftServerStatusTests.xctest; sourceTree = BUILT_PRODUCTS_DIR; };
		9A15AB61210D13B8005696F4 /* MinecraftServerStatusTests.swift */ = {isa = PBXFileReference; lastKnownFileType = sourcecode.swift; path = MinecraftServerStatusTests.swift; sourceTree = "<group>"; };
		9A15AB63210D13B8005696F4 /* Info.plist */ = {isa = PBXFileReference; lastKnownFileType = text.plist.xml; path = Info.plist; sourceTree = "<group>"; };
		9A15AB68210D13B8005696F4 /* MinecraftServerStatusUITests.xctest */ = {isa = PBXFileReference; explicitFileType = wrapper.cfbundle; includeInIndex = 0; path = MinecraftServerStatusUITests.xctest; sourceTree = BUILT_PRODUCTS_DIR; };
		9A15AB6C210D13B8005696F4 /* MinecraftServerStatusUITests.swift */ = {isa = PBXFileReference; lastKnownFileType = sourcecode.swift; path = MinecraftServerStatusUITests.swift; sourceTree = "<group>"; };
		9A15AB6E210D13B8005696F4 /* Info.plist */ = {isa = PBXFileReference; lastKnownFileType = text.plist.xml; path = Info.plist; sourceTree = "<group>"; };
		9A15AB7A210D142B005696F4 /* Server.swift */ = {isa = PBXFileReference; lastKnownFileType = sourcecode.swift; path = Server.swift; sourceTree = "<group>"; };
		9A15AB7C210D9620005696F4 /* ServerTableViewCell.swift */ = {isa = PBXFileReference; lastKnownFileType = sourcecode.swift; path = ServerTableViewCell.swift; sourceTree = "<group>"; };
		9A15AB7D210D9620005696F4 /* ServerTableViewCell.xib */ = {isa = PBXFileReference; lastKnownFileType = file.xib; path = ServerTableViewCell.xib; sourceTree = "<group>"; };
		9A15AB80210DA515005696F4 /* ServerTableViewController.swift */ = {isa = PBXFileReference; lastKnownFileType = sourcecode.swift; path = ServerTableViewController.swift; sourceTree = "<group>"; };
		9A616818212405B5000F7810 /* TileBackgroundView.swift */ = {isa = PBXFileReference; lastKnownFileType = sourcecode.swift; path = TileBackgroundView.swift; sourceTree = "<group>"; };
		9A61681A2124909D000F7810 /* AddressTextField.swift */ = {isa = PBXFileReference; lastKnownFileType = sourcecode.swift; path = AddressTextField.swift; sourceTree = "<group>"; };
		9A7F97E42123EAC500C1C06B /* UIStatusView.swift */ = {isa = PBXFileReference; lastKnownFileType = sourcecode.swift; path = UIStatusView.swift; sourceTree = "<group>"; };
		B407288487EE22534C91E4D4 /* Pods-MinecraftServerStatusTests.debug.xcconfig */ = {isa = PBXFileReference; includeInIndex = 1; lastKnownFileType = text.xcconfig; name = "Pods-MinecraftServerStatusTests.debug.xcconfig"; path = "Pods/Target Support Files/Pods-MinecraftServerStatusTests/Pods-MinecraftServerStatusTests.debug.xcconfig"; sourceTree = "<group>"; };
		D16506FD11305089F1430557 /* Pods_MinecraftServerStatus.framework */ = {isa = PBXFileReference; explicitFileType = wrapper.framework; includeInIndex = 0; path = Pods_MinecraftServerStatus.framework; sourceTree = BUILT_PRODUCTS_DIR; };
		F8819FDB85A9BB5EFDCD58C7 /* Pods_MinecraftServerStatusTests.framework */ = {isa = PBXFileReference; explicitFileType = wrapper.framework; includeInIndex = 0; path = Pods_MinecraftServerStatusTests.framework; sourceTree = BUILT_PRODUCTS_DIR; };
/* End PBXFileReference section */

/* Begin PBXFrameworksBuildPhase section */
		9A15AB46210D13B7005696F4 /* Frameworks */ = {
			isa = PBXFrameworksBuildPhase;
			buildActionMask = 2147483647;
			files = (
				2DF569B7D5077AC8B7CBDF91 /* Pods_MinecraftServerStatus.framework in Frameworks */,
			);
			runOnlyForDeploymentPostprocessing = 0;
		};
		9A15AB5A210D13B8005696F4 /* Frameworks */ = {
			isa = PBXFrameworksBuildPhase;
			buildActionMask = 2147483647;
			files = (
				E5C656EE64330442F34D4E22 /* Pods_MinecraftServerStatusTests.framework in Frameworks */,
			);
			runOnlyForDeploymentPostprocessing = 0;
		};
		9A15AB65210D13B8005696F4 /* Frameworks */ = {
			isa = PBXFrameworksBuildPhase;
			buildActionMask = 2147483647;
			files = (
				97564EAD068D7B45AC10C2B4 /* Pods_MinecraftServerStatusUITests.framework in Frameworks */,
			);
			runOnlyForDeploymentPostprocessing = 0;
		};
/* End PBXFrameworksBuildPhase section */

/* Begin PBXGroup section */
		2409B19059758947C187A4FF /* Frameworks */ = {
			isa = PBXGroup;
			children = (
				D16506FD11305089F1430557 /* Pods_MinecraftServerStatus.framework */,
				F8819FDB85A9BB5EFDCD58C7 /* Pods_MinecraftServerStatusTests.framework */,
				7FA2603564DC753981431FF9 /* Pods_MinecraftServerStatusUITests.framework */,
			);
			name = Frameworks;
			sourceTree = "<group>";
		};
		2BC04AFD98502214C9361B7A /* Pods */ = {
			isa = PBXGroup;
			children = (
				97B718883CA3ACAF4C74B21A /* Pods-MinecraftServerStatus.debug.xcconfig */,
				4D20AA09600BE24850DAD42F /* Pods-MinecraftServerStatus.release.xcconfig */,
				B407288487EE22534C91E4D4 /* Pods-MinecraftServerStatusTests.debug.xcconfig */,
				1DEFA3A912D2850056B57195 /* Pods-MinecraftServerStatusTests.release.xcconfig */,
				69A64BFCC8719BCE45974B90 /* Pods-MinecraftServerStatusUITests.debug.xcconfig */,
				44667234F4C6A3DD653CB7F4 /* Pods-MinecraftServerStatusUITests.release.xcconfig */,
			);
			name = Pods;
			sourceTree = "<group>";
		};
		9A15AB40210D13B7005696F4 = {
			isa = PBXGroup;
			children = (
				9A15AB4B210D13B7005696F4 /* MinecraftServerStatus */,
				9A15AB60210D13B8005696F4 /* MinecraftServerStatusTests */,
				9A15AB6B210D13B8005696F4 /* MinecraftServerStatusUITests */,
				9A15AB4A210D13B7005696F4 /* Products */,
				2BC04AFD98502214C9361B7A /* Pods */,
				2409B19059758947C187A4FF /* Frameworks */,
			);
			sourceTree = "<group>";
		};
		9A15AB4A210D13B7005696F4 /* Products */ = {
			isa = PBXGroup;
			children = (
				9A15AB49210D13B7005696F4 /* MinecraftServerStatus.app */,
				9A15AB5D210D13B8005696F4 /* MinecraftServerStatusTests.xctest */,
				9A15AB68210D13B8005696F4 /* MinecraftServerStatusUITests.xctest */,
			);
			name = Products;
			sourceTree = "<group>";
		};
		9A15AB4B210D13B7005696F4 /* MinecraftServerStatus */ = {
			isa = PBXGroup;
			children = (
				9A15AB4C210D13B7005696F4 /* AppDelegate.swift */,
				9A15AB7A210D142B005696F4 /* Server.swift */,
				9A15AB50210D13B7005696F4 /* Main.storyboard */,
				9A15AB80210DA515005696F4 /* ServerTableViewController.swift */,
				9A15AB7C210D9620005696F4 /* ServerTableViewCell.swift */,
				9A61681A2124909D000F7810 /* AddressTextField.swift */,
				9A7F97E42123EAC500C1C06B /* UIStatusView.swift */,
				9A616818212405B5000F7810 /* TileBackgroundView.swift */,
				9A15AB7D210D9620005696F4 /* ServerTableViewCell.xib */,
				9A15AB53210D13B8005696F4 /* Assets.xcassets */,
				9A15AB55210D13B8005696F4 /* LaunchScreen.storyboard */,
				9A15AB58210D13B8005696F4 /* Info.plist */,
			);
			path = MinecraftServerStatus;
			sourceTree = "<group>";
		};
		9A15AB60210D13B8005696F4 /* MinecraftServerStatusTests */ = {
			isa = PBXGroup;
			children = (
				9A15AB61210D13B8005696F4 /* MinecraftServerStatusTests.swift */,
				9A15AB63210D13B8005696F4 /* Info.plist */,
			);
			path = MinecraftServerStatusTests;
			sourceTree = "<group>";
		};
		9A15AB6B210D13B8005696F4 /* MinecraftServerStatusUITests */ = {
			isa = PBXGroup;
			children = (
				9A15AB6C210D13B8005696F4 /* MinecraftServerStatusUITests.swift */,
				9A15AB6E210D13B8005696F4 /* Info.plist */,
			);
			path = MinecraftServerStatusUITests;
			sourceTree = "<group>";
		};
/* End PBXGroup section */

/* Begin PBXNativeTarget section */
		9A15AB48210D13B7005696F4 /* MinecraftServerStatus */ = {
			isa = PBXNativeTarget;
			buildConfigurationList = 9A15AB71210D13B8005696F4 /* Build configuration list for PBXNativeTarget "MinecraftServerStatus" */;
			buildPhases = (
				8FB328729823237D4B3608C7 /* [CP] Check Pods Manifest.lock */,
				9A15AB45210D13B7005696F4 /* Sources */,
				9A15AB46210D13B7005696F4 /* Frameworks */,
				9A15AB47210D13B7005696F4 /* Resources */,
				CEE5CF57451A6D9A823D1351 /* [CP] Embed Pods Frameworks */,
				80D63A37DFF39E6878ACF4C3 /* [CP] Copy Pods Resources */,
			);
			buildRules = (
			);
			dependencies = (
			);
			name = MinecraftServerStatus;
			productName = MinecraftServerStatus;
			productReference = 9A15AB49210D13B7005696F4 /* MinecraftServerStatus.app */;
			productType = "com.apple.product-type.application";
		};
		9A15AB5C210D13B8005696F4 /* MinecraftServerStatusTests */ = {
			isa = PBXNativeTarget;
			buildConfigurationList = 9A15AB74210D13B8005696F4 /* Build configuration list for PBXNativeTarget "MinecraftServerStatusTests" */;
			buildPhases = (
				230752913AC57D54688DC163 /* [CP] Check Pods Manifest.lock */,
				9A15AB59210D13B8005696F4 /* Sources */,
				9A15AB5A210D13B8005696F4 /* Frameworks */,
				9A15AB5B210D13B8005696F4 /* Resources */,
				B1896E1C90306862A93926E4 /* [CP] Embed Pods Frameworks */,
				1BAC7EDC7A905C4E49DA2380 /* [CP] Copy Pods Resources */,
			);
			buildRules = (
			);
			dependencies = (
				9A15AB5F210D13B8005696F4 /* PBXTargetDependency */,
			);
			name = MinecraftServerStatusTests;
			productName = MinecraftServerStatusTests;
			productReference = 9A15AB5D210D13B8005696F4 /* MinecraftServerStatusTests.xctest */;
			productType = "com.apple.product-type.bundle.unit-test";
		};
		9A15AB67210D13B8005696F4 /* MinecraftServerStatusUITests */ = {
			isa = PBXNativeTarget;
			buildConfigurationList = 9A15AB77210D13B8005696F4 /* Build configuration list for PBXNativeTarget "MinecraftServerStatusUITests" */;
			buildPhases = (
				1423E1A9B75F2347FB8118A2 /* [CP] Check Pods Manifest.lock */,
				9A15AB64210D13B8005696F4 /* Sources */,
				9A15AB65210D13B8005696F4 /* Frameworks */,
				9A15AB66210D13B8005696F4 /* Resources */,
				E859101EC709E12FD562D98D /* [CP] Embed Pods Frameworks */,
				3EC39C6169C78476F388EBEF /* [CP] Copy Pods Resources */,
			);
			buildRules = (
			);
			dependencies = (
				9A15AB6A210D13B8005696F4 /* PBXTargetDependency */,
			);
			name = MinecraftServerStatusUITests;
			productName = MinecraftServerStatusUITests;
			productReference = 9A15AB68210D13B8005696F4 /* MinecraftServerStatusUITests.xctest */;
			productType = "com.apple.product-type.bundle.ui-testing";
		};
/* End PBXNativeTarget section */

/* Begin PBXProject section */
		9A15AB41210D13B7005696F4 /* Project object */ = {
			isa = PBXProject;
			attributes = {
				LastSwiftUpdateCheck = 0940;
				LastUpgradeCheck = 0940;
				ORGANIZATIONNAME = "Griffin Prechter";
				TargetAttributes = {
					9A15AB48210D13B7005696F4 = {
						CreatedOnToolsVersion = 9.4.1;
					};
					9A15AB5C210D13B8005696F4 = {
						CreatedOnToolsVersion = 9.4.1;
						TestTargetID = 9A15AB48210D13B7005696F4;
					};
					9A15AB67210D13B8005696F4 = {
						CreatedOnToolsVersion = 9.4.1;
						TestTargetID = 9A15AB48210D13B7005696F4;
					};
				};
			};
			buildConfigurationList = 9A15AB44210D13B7005696F4 /* Build configuration list for PBXProject "MinecraftServerStatus" */;
			compatibilityVersion = "Xcode 9.3";
			developmentRegion = en;
			hasScannedForEncodings = 0;
			knownRegions = (
				en,
				Base,
			);
			mainGroup = 9A15AB40210D13B7005696F4;
			productRefGroup = 9A15AB4A210D13B7005696F4 /* Products */;
			projectDirPath = "";
			projectRoot = "";
			targets = (
				9A15AB48210D13B7005696F4 /* MinecraftServerStatus */,
				9A15AB5C210D13B8005696F4 /* MinecraftServerStatusTests */,
				9A15AB67210D13B8005696F4 /* MinecraftServerStatusUITests */,
			);
		};
/* End PBXProject section */

/* Begin PBXResourcesBuildPhase section */
		9A15AB47210D13B7005696F4 /* Resources */ = {
			isa = PBXResourcesBuildPhase;
			buildActionMask = 2147483647;
			files = (
				9A15AB57210D13B8005696F4 /* LaunchScreen.storyboard in Resources */,
				9A15AB54210D13B8005696F4 /* Assets.xcassets in Resources */,
				9A15AB7F210D9620005696F4 /* ServerTableViewCell.xib in Resources */,
				9A15AB52210D13B7005696F4 /* Main.storyboard in Resources */,
			);
			runOnlyForDeploymentPostprocessing = 0;
		};
		9A15AB5B210D13B8005696F4 /* Resources */ = {
			isa = PBXResourcesBuildPhase;
			buildActionMask = 2147483647;
			files = (
			);
			runOnlyForDeploymentPostprocessing = 0;
		};
		9A15AB66210D13B8005696F4 /* Resources */ = {
			isa = PBXResourcesBuildPhase;
			buildActionMask = 2147483647;
			files = (
			);
			runOnlyForDeploymentPostprocessing = 0;
		};
/* End PBXResourcesBuildPhase section */

/* Begin PBXShellScriptBuildPhase section */
		1423E1A9B75F2347FB8118A2 /* [CP] Check Pods Manifest.lock */ = {
			isa = PBXShellScriptBuildPhase;
			buildActionMask = 2147483647;
			files = (
			);
			inputPaths = (
				"${PODS_PODFILE_DIR_PATH}/Podfile.lock",
				"${PODS_ROOT}/Manifest.lock",
			);
			name = "[CP] Check Pods Manifest.lock";
			outputPaths = (
				"$(DERIVED_FILE_DIR)/Pods-MinecraftServerStatusUITests-checkManifestLockResult.txt",
			);
			runOnlyForDeploymentPostprocessing = 0;
			shellPath = /bin/sh;
			shellScript = "diff \"${PODS_PODFILE_DIR_PATH}/Podfile.lock\" \"${PODS_ROOT}/Manifest.lock\" > /dev/null\nif [ $? != 0 ] ; then\n    # print error to STDERR\n    echo \"error: The sandbox is not in sync with the Podfile.lock. Run 'pod install' or update your CocoaPods installation.\" >&2\n    exit 1\nfi\n# This output is used by Xcode 'outputs' to avoid re-running this script phase.\necho \"SUCCESS\" > \"${SCRIPT_OUTPUT_FILE_0}\"\n";
			showEnvVarsInLog = 0;
		};
		1BAC7EDC7A905C4E49DA2380 /* [CP] Copy Pods Resources */ = {
			isa = PBXShellScriptBuildPhase;
			buildActionMask = 2147483647;
			files = (
			);
			inputPaths = (
			);
			name = "[CP] Copy Pods Resources";
			outputPaths = (
			);
			runOnlyForDeploymentPostprocessing = 0;
			shellPath = /bin/sh;
			shellScript = "\"${SRCROOT}/Pods/Target Support Files/Pods-MinecraftServerStatusTests/Pods-MinecraftServerStatusTests-resources.sh\"\n";
			showEnvVarsInLog = 0;
		};
		230752913AC57D54688DC163 /* [CP] Check Pods Manifest.lock */ = {
			isa = PBXShellScriptBuildPhase;
			buildActionMask = 2147483647;
			files = (
			);
			inputPaths = (
				"${PODS_PODFILE_DIR_PATH}/Podfile.lock",
				"${PODS_ROOT}/Manifest.lock",
			);
			name = "[CP] Check Pods Manifest.lock";
			outputPaths = (
				"$(DERIVED_FILE_DIR)/Pods-MinecraftServerStatusTests-checkManifestLockResult.txt",
			);
			runOnlyForDeploymentPostprocessing = 0;
			shellPath = /bin/sh;
			shellScript = "diff \"${PODS_PODFILE_DIR_PATH}/Podfile.lock\" \"${PODS_ROOT}/Manifest.lock\" > /dev/null\nif [ $? != 0 ] ; then\n    # print error to STDERR\n    echo \"error: The sandbox is not in sync with the Podfile.lock. Run 'pod install' or update your CocoaPods installation.\" >&2\n    exit 1\nfi\n# This output is used by Xcode 'outputs' to avoid re-running this script phase.\necho \"SUCCESS\" > \"${SCRIPT_OUTPUT_FILE_0}\"\n";
			showEnvVarsInLog = 0;
		};
		3EC39C6169C78476F388EBEF /* [CP] Copy Pods Resources */ = {
			isa = PBXShellScriptBuildPhase;
			buildActionMask = 2147483647;
			files = (
			);
			inputPaths = (
			);
			name = "[CP] Copy Pods Resources";
			outputPaths = (
			);
			runOnlyForDeploymentPostprocessing = 0;
			shellPath = /bin/sh;
			shellScript = "\"${SRCROOT}/Pods/Target Support Files/Pods-MinecraftServerStatusUITests/Pods-MinecraftServerStatusUITests-resources.sh\"\n";
			showEnvVarsInLog = 0;
		};
		80D63A37DFF39E6878ACF4C3 /* [CP] Copy Pods Resources */ = {
			isa = PBXShellScriptBuildPhase;
			buildActionMask = 2147483647;
			files = (
			);
			inputPaths = (
			);
			name = "[CP] Copy Pods Resources";
			outputPaths = (
			);
			runOnlyForDeploymentPostprocessing = 0;
			shellPath = /bin/sh;
			shellScript = "\"${SRCROOT}/Pods/Target Support Files/Pods-MinecraftServerStatus/Pods-MinecraftServerStatus-resources.sh\"\n";
			showEnvVarsInLog = 0;
		};
		8FB328729823237D4B3608C7 /* [CP] Check Pods Manifest.lock */ = {
			isa = PBXShellScriptBuildPhase;
			buildActionMask = 2147483647;
			files = (
			);
			inputPaths = (
				"${PODS_PODFILE_DIR_PATH}/Podfile.lock",
				"${PODS_ROOT}/Manifest.lock",
			);
			name = "[CP] Check Pods Manifest.lock";
			outputPaths = (
				"$(DERIVED_FILE_DIR)/Pods-MinecraftServerStatus-checkManifestLockResult.txt",
			);
			runOnlyForDeploymentPostprocessing = 0;
			shellPath = /bin/sh;
			shellScript = "diff \"${PODS_PODFILE_DIR_PATH}/Podfile.lock\" \"${PODS_ROOT}/Manifest.lock\" > /dev/null\nif [ $? != 0 ] ; then\n    # print error to STDERR\n    echo \"error: The sandbox is not in sync with the Podfile.lock. Run 'pod install' or update your CocoaPods installation.\" >&2\n    exit 1\nfi\n# This output is used by Xcode 'outputs' to avoid re-running this script phase.\necho \"SUCCESS\" > \"${SCRIPT_OUTPUT_FILE_0}\"\n";
			showEnvVarsInLog = 0;
		};
		B1896E1C90306862A93926E4 /* [CP] Embed Pods Frameworks */ = {
			isa = PBXShellScriptBuildPhase;
			buildActionMask = 2147483647;
			files = (
			);
			inputPaths = (
			);
			name = "[CP] Embed Pods Frameworks";
			outputPaths = (
			);
			runOnlyForDeploymentPostprocessing = 0;
			shellPath = /bin/sh;
			shellScript = "\"${SRCROOT}/Pods/Target Support Files/Pods-MinecraftServerStatusTests/Pods-MinecraftServerStatusTests-frameworks.sh\"\n";
			showEnvVarsInLog = 0;
		};
		CEE5CF57451A6D9A823D1351 /* [CP] Embed Pods Frameworks */ = {
			isa = PBXShellScriptBuildPhase;
			buildActionMask = 2147483647;
			files = (
			);
			inputPaths = (
				"${SRCROOT}/Pods/Target Support Files/Pods-MinecraftServerStatus/Pods-MinecraftServerStatus-frameworks.sh",
				"${BUILT_PRODUCTS_DIR}/MarqueeLabel/MarqueeLabel.framework",
			);
			name = "[CP] Embed Pods Frameworks";
			outputPaths = (
				"${TARGET_BUILD_DIR}/${FRAMEWORKS_FOLDER_PATH}/MarqueeLabel.framework",
			);
			runOnlyForDeploymentPostprocessing = 0;
			shellPath = /bin/sh;
			shellScript = "\"${SRCROOT}/Pods/Target Support Files/Pods-MinecraftServerStatus/Pods-MinecraftServerStatus-frameworks.sh\"\n";
			showEnvVarsInLog = 0;
		};
		E859101EC709E12FD562D98D /* [CP] Embed Pods Frameworks */ = {
			isa = PBXShellScriptBuildPhase;
			buildActionMask = 2147483647;
			files = (
			);
			inputPaths = (
			);
			name = "[CP] Embed Pods Frameworks";
			outputPaths = (
			);
			runOnlyForDeploymentPostprocessing = 0;
			shellPath = /bin/sh;
			shellScript = "\"${SRCROOT}/Pods/Target Support Files/Pods-MinecraftServerStatusUITests/Pods-MinecraftServerStatusUITests-frameworks.sh\"\n";
			showEnvVarsInLog = 0;
		};
/* End PBXShellScriptBuildPhase section */

/* Begin PBXSourcesBuildPhase section */
		9A15AB45210D13B7005696F4 /* Sources */ = {
			isa = PBXSourcesBuildPhase;
			buildActionMask = 2147483647;
			files = (
				9A61681B2124909D000F7810 /* AddressTextField.swift in Sources */,
				9A15AB7B210D142B005696F4 /* Server.swift in Sources */,
				9A15AB7E210D9620005696F4 /* ServerTableViewCell.swift in Sources */,
				9A616819212405B5000F7810 /* TileBackgroundView.swift in Sources */,
				9A7F97E52123EAC500C1C06B /* UIStatusView.swift in Sources */,
				9A15AB81210DA515005696F4 /* ServerTableViewController.swift in Sources */,
				9A15AB4D210D13B7005696F4 /* AppDelegate.swift in Sources */,
			);
			runOnlyForDeploymentPostprocessing = 0;
		};
		9A15AB59210D13B8005696F4 /* Sources */ = {
			isa = PBXSourcesBuildPhase;
			buildActionMask = 2147483647;
			files = (
				9A15AB62210D13B8005696F4 /* MinecraftServerStatusTests.swift in Sources */,
			);
			runOnlyForDeploymentPostprocessing = 0;
		};
		9A15AB64210D13B8005696F4 /* Sources */ = {
			isa = PBXSourcesBuildPhase;
			buildActionMask = 2147483647;
			files = (
				9A15AB6D210D13B8005696F4 /* MinecraftServerStatusUITests.swift in Sources */,
			);
			runOnlyForDeploymentPostprocessing = 0;
		};
/* End PBXSourcesBuildPhase section */

/* Begin PBXTargetDependency section */
		9A15AB5F210D13B8005696F4 /* PBXTargetDependency */ = {
			isa = PBXTargetDependency;
			target = 9A15AB48210D13B7005696F4 /* MinecraftServerStatus */;
			targetProxy = 9A15AB5E210D13B8005696F4 /* PBXContainerItemProxy */;
		};
		9A15AB6A210D13B8005696F4 /* PBXTargetDependency */ = {
			isa = PBXTargetDependency;
			target = 9A15AB48210D13B7005696F4 /* MinecraftServerStatus */;
			targetProxy = 9A15AB69210D13B8005696F4 /* PBXContainerItemProxy */;
		};
/* End PBXTargetDependency section */

/* Begin PBXVariantGroup section */
		9A15AB50210D13B7005696F4 /* Main.storyboard */ = {
			isa = PBXVariantGroup;
			children = (
				9A15AB51210D13B7005696F4 /* Base */,
			);
			name = Main.storyboard;
			sourceTree = "<group>";
		};
		9A15AB55210D13B8005696F4 /* LaunchScreen.storyboard */ = {
			isa = PBXVariantGroup;
			children = (
				9A15AB56210D13B8005696F4 /* Base */,
			);
			name = LaunchScreen.storyboard;
			sourceTree = "<group>";
		};
/* End PBXVariantGroup section */

/* Begin XCBuildConfiguration section */
		9A15AB6F210D13B8005696F4 /* Debug */ = {
			isa = XCBuildConfiguration;
			buildSettings = {
				ALWAYS_SEARCH_USER_PATHS = NO;
				CLANG_ANALYZER_NONNULL = YES;
				CLANG_ANALYZER_NUMBER_OBJECT_CONVERSION = YES_AGGRESSIVE;
				CLANG_CXX_LANGUAGE_STANDARD = "gnu++14";
				CLANG_CXX_LIBRARY = "libc++";
				CLANG_ENABLE_MODULES = YES;
				CLANG_ENABLE_OBJC_ARC = YES;
				CLANG_ENABLE_OBJC_WEAK = YES;
				CLANG_WARN_BLOCK_CAPTURE_AUTORELEASING = YES;
				CLANG_WARN_BOOL_CONVERSION = YES;
				CLANG_WARN_COMMA = YES;
				CLANG_WARN_CONSTANT_CONVERSION = YES;
				CLANG_WARN_DEPRECATED_OBJC_IMPLEMENTATIONS = YES;
				CLANG_WARN_DIRECT_OBJC_ISA_USAGE = YES_ERROR;
				CLANG_WARN_DOCUMENTATION_COMMENTS = YES;
				CLANG_WARN_EMPTY_BODY = YES;
				CLANG_WARN_ENUM_CONVERSION = YES;
				CLANG_WARN_INFINITE_RECURSION = YES;
				CLANG_WARN_INT_CONVERSION = YES;
				CLANG_WARN_NON_LITERAL_NULL_CONVERSION = YES;
				CLANG_WARN_OBJC_IMPLICIT_RETAIN_SELF = YES;
				CLANG_WARN_OBJC_LITERAL_CONVERSION = YES;
				CLANG_WARN_OBJC_ROOT_CLASS = YES_ERROR;
				CLANG_WARN_RANGE_LOOP_ANALYSIS = YES;
				CLANG_WARN_STRICT_PROTOTYPES = YES;
				CLANG_WARN_SUSPICIOUS_MOVE = YES;
				CLANG_WARN_UNGUARDED_AVAILABILITY = YES_AGGRESSIVE;
				CLANG_WARN_UNREACHABLE_CODE = YES;
				CLANG_WARN__DUPLICATE_METHOD_MATCH = YES;
				CODE_SIGN_IDENTITY = "iPhone Developer";
				COPY_PHASE_STRIP = NO;
				DEBUG_INFORMATION_FORMAT = dwarf;
				ENABLE_STRICT_OBJC_MSGSEND = YES;
				ENABLE_TESTABILITY = YES;
				GCC_C_LANGUAGE_STANDARD = gnu11;
				GCC_DYNAMIC_NO_PIC = NO;
				GCC_NO_COMMON_BLOCKS = YES;
				GCC_OPTIMIZATION_LEVEL = 0;
				GCC_PREPROCESSOR_DEFINITIONS = (
					"DEBUG=1",
					"$(inherited)",
				);
				GCC_WARN_64_TO_32_BIT_CONVERSION = YES;
				GCC_WARN_ABOUT_RETURN_TYPE = YES_ERROR;
				GCC_WARN_UNDECLARED_SELECTOR = YES;
				GCC_WARN_UNINITIALIZED_AUTOS = YES_AGGRESSIVE;
				GCC_WARN_UNUSED_FUNCTION = YES;
				GCC_WARN_UNUSED_VARIABLE = YES;
				IPHONEOS_DEPLOYMENT_TARGET = 11.4;
				MTL_ENABLE_DEBUG_INFO = YES;
				ONLY_ACTIVE_ARCH = YES;
				SDKROOT = iphoneos;
				SWIFT_ACTIVE_COMPILATION_CONDITIONS = DEBUG;
				SWIFT_OPTIMIZATION_LEVEL = "-Onone";
			};
			name = Debug;
		};
		9A15AB70210D13B8005696F4 /* Release */ = {
			isa = XCBuildConfiguration;
			buildSettings = {
				ALWAYS_SEARCH_USER_PATHS = NO;
				CLANG_ANALYZER_NONNULL = YES;
				CLANG_ANALYZER_NUMBER_OBJECT_CONVERSION = YES_AGGRESSIVE;
				CLANG_CXX_LANGUAGE_STANDARD = "gnu++14";
				CLANG_CXX_LIBRARY = "libc++";
				CLANG_ENABLE_MODULES = YES;
				CLANG_ENABLE_OBJC_ARC = YES;
				CLANG_ENABLE_OBJC_WEAK = YES;
				CLANG_WARN_BLOCK_CAPTURE_AUTORELEASING = YES;
				CLANG_WARN_BOOL_CONVERSION = YES;
				CLANG_WARN_COMMA = YES;
				CLANG_WARN_CONSTANT_CONVERSION = YES;
				CLANG_WARN_DEPRECATED_OBJC_IMPLEMENTATIONS = YES;
				CLANG_WARN_DIRECT_OBJC_ISA_USAGE = YES_ERROR;
				CLANG_WARN_DOCUMENTATION_COMMENTS = YES;
				CLANG_WARN_EMPTY_BODY = YES;
				CLANG_WARN_ENUM_CONVERSION = YES;
				CLANG_WARN_INFINITE_RECURSION = YES;
				CLANG_WARN_INT_CONVERSION = YES;
				CLANG_WARN_NON_LITERAL_NULL_CONVERSION = YES;
				CLANG_WARN_OBJC_IMPLICIT_RETAIN_SELF = YES;
				CLANG_WARN_OBJC_LITERAL_CONVERSION = YES;
				CLANG_WARN_OBJC_ROOT_CLASS = YES_ERROR;
				CLANG_WARN_RANGE_LOOP_ANALYSIS = YES;
				CLANG_WARN_STRICT_PROTOTYPES = YES;
				CLANG_WARN_SUSPICIOUS_MOVE = YES;
				CLANG_WARN_UNGUARDED_AVAILABILITY = YES_AGGRESSIVE;
				CLANG_WARN_UNREACHABLE_CODE = YES;
				CLANG_WARN__DUPLICATE_METHOD_MATCH = YES;
				CODE_SIGN_IDENTITY = "iPhone Developer";
				COPY_PHASE_STRIP = NO;
				DEBUG_INFORMATION_FORMAT = "dwarf-with-dsym";
				ENABLE_NS_ASSERTIONS = NO;
				ENABLE_STRICT_OBJC_MSGSEND = YES;
				GCC_C_LANGUAGE_STANDARD = gnu11;
				GCC_NO_COMMON_BLOCKS = YES;
				GCC_WARN_64_TO_32_BIT_CONVERSION = YES;
				GCC_WARN_ABOUT_RETURN_TYPE = YES_ERROR;
				GCC_WARN_UNDECLARED_SELECTOR = YES;
				GCC_WARN_UNINITIALIZED_AUTOS = YES_AGGRESSIVE;
				GCC_WARN_UNUSED_FUNCTION = YES;
				GCC_WARN_UNUSED_VARIABLE = YES;
				IPHONEOS_DEPLOYMENT_TARGET = 11.4;
				MTL_ENABLE_DEBUG_INFO = NO;
				SDKROOT = iphoneos;
				SWIFT_COMPILATION_MODE = wholemodule;
				SWIFT_OPTIMIZATION_LEVEL = "-O";
				VALIDATE_PRODUCT = YES;
			};
			name = Release;
		};
		9A15AB72210D13B8005696F4 /* Debug */ = {
			isa = XCBuildConfiguration;
			baseConfigurationReference = 97B718883CA3ACAF4C74B21A /* Pods-MinecraftServerStatus.debug.xcconfig */;
			buildSettings = {
				ASSETCATALOG_COMPILER_APPICON_NAME = AppIcon;
				CODE_SIGN_STYLE = Automatic;
				DEVELOPMENT_TEAM = 8RQPS83LR8;
				INFOPLIST_FILE = MinecraftServerStatus/Info.plist;
				LD_RUNPATH_SEARCH_PATHS = (
					"$(inherited)",
					"@executable_path/Frameworks",
				);
				PRODUCT_BUNDLE_IDENTIFIER = edu.berkeley.griffinprechter.MinecraftServerStatus;
				PRODUCT_NAME = "$(TARGET_NAME)";
				SWIFT_VERSION = 4.0;
				TARGETED_DEVICE_FAMILY = "1,2";
			};
			name = Debug;
		};
		9A15AB73210D13B8005696F4 /* Release */ = {
			isa = XCBuildConfiguration;
			baseConfigurationReference = 4D20AA09600BE24850DAD42F /* Pods-MinecraftServerStatus.release.xcconfig */;
			buildSettings = {
				ASSETCATALOG_COMPILER_APPICON_NAME = AppIcon;
				CODE_SIGN_STYLE = Automatic;
				DEVELOPMENT_TEAM = 8RQPS83LR8;
				INFOPLIST_FILE = MinecraftServerStatus/Info.plist;
				LD_RUNPATH_SEARCH_PATHS = (
					"$(inherited)",
					"@executable_path/Frameworks",
				);
				PRODUCT_BUNDLE_IDENTIFIER = edu.berkeley.griffinprechter.MinecraftServerStatus;
				PRODUCT_NAME = "$(TARGET_NAME)";
				SWIFT_VERSION = 4.0;
				TARGETED_DEVICE_FAMILY = "1,2";
			};
			name = Release;
		};
		9A15AB75210D13B8005696F4 /* Debug */ = {
			isa = XCBuildConfiguration;
			baseConfigurationReference = B407288487EE22534C91E4D4 /* Pods-MinecraftServerStatusTests.debug.xcconfig */;
			buildSettings = {
				ALWAYS_EMBED_SWIFT_STANDARD_LIBRARIES = YES;
				BUNDLE_LOADER = "$(TEST_HOST)";
				CODE_SIGN_STYLE = Automatic;
				DEVELOPMENT_TEAM = 8RQPS83LR8;
				INFOPLIST_FILE = MinecraftServerStatusTests/Info.plist;
				LD_RUNPATH_SEARCH_PATHS = (
					"$(inherited)",
					"@executable_path/Frameworks",
					"@loader_path/Frameworks",
				);
				PRODUCT_BUNDLE_IDENTIFIER = edu.berkeley.griffinprechter.MinecraftServerStatusTests;
				PRODUCT_NAME = "$(TARGET_NAME)";
				SWIFT_VERSION = 4.0;
				TARGETED_DEVICE_FAMILY = "1,2";
				TEST_HOST = "$(BUILT_PRODUCTS_DIR)/MinecraftServerStatus.app/MinecraftServerStatus";
			};
			name = Debug;
		};
		9A15AB76210D13B8005696F4 /* Release */ = {
			isa = XCBuildConfiguration;
			baseConfigurationReference = 1DEFA3A912D2850056B57195 /* Pods-MinecraftServerStatusTests.release.xcconfig */;
			buildSettings = {
				ALWAYS_EMBED_SWIFT_STANDARD_LIBRARIES = YES;
				BUNDLE_LOADER = "$(TEST_HOST)";
				CODE_SIGN_STYLE = Automatic;
				DEVELOPMENT_TEAM = 8RQPS83LR8;
				INFOPLIST_FILE = MinecraftServerStatusTests/Info.plist;
				LD_RUNPATH_SEARCH_PATHS = (
					"$(inherited)",
					"@executable_path/Frameworks",
					"@loader_path/Frameworks",
				);
				PRODUCT_BUNDLE_IDENTIFIER = edu.berkeley.griffinprechter.MinecraftServerStatusTests;
				PRODUCT_NAME = "$(TARGET_NAME)";
				SWIFT_VERSION = 4.0;
				TARGETED_DEVICE_FAMILY = "1,2";
				TEST_HOST = "$(BUILT_PRODUCTS_DIR)/MinecraftServerStatus.app/MinecraftServerStatus";
			};
			name = Release;
		};
		9A15AB78210D13B8005696F4 /* Debug */ = {
			isa = XCBuildConfiguration;
			baseConfigurationReference = 69A64BFCC8719BCE45974B90 /* Pods-MinecraftServerStatusUITests.debug.xcconfig */;
			buildSettings = {
				ALWAYS_EMBED_SWIFT_STANDARD_LIBRARIES = YES;
				CODE_SIGN_STYLE = Automatic;
				DEVELOPMENT_TEAM = 8RQPS83LR8;
				INFOPLIST_FILE = MinecraftServerStatusUITests/Info.plist;
				LD_RUNPATH_SEARCH_PATHS = (
					"$(inherited)",
					"@executable_path/Frameworks",
					"@loader_path/Frameworks",
				);
				PRODUCT_BUNDLE_IDENTIFIER = edu.berkeley.griffinprechter.MinecraftServerStatusUITests;
				PRODUCT_NAME = "$(TARGET_NAME)";
				SWIFT_VERSION = 4.0;
				TARGETED_DEVICE_FAMILY = "1,2";
				TEST_TARGET_NAME = MinecraftServerStatus;
			};
			name = Debug;
		};
		9A15AB79210D13B8005696F4 /* Release */ = {
			isa = XCBuildConfiguration;
			baseConfigurationReference = 44667234F4C6A3DD653CB7F4 /* Pods-MinecraftServerStatusUITests.release.xcconfig */;
			buildSettings = {
				ALWAYS_EMBED_SWIFT_STANDARD_LIBRARIES = YES;
				CODE_SIGN_STYLE = Automatic;
				DEVELOPMENT_TEAM = 8RQPS83LR8;
				INFOPLIST_FILE = MinecraftServerStatusUITests/Info.plist;
				LD_RUNPATH_SEARCH_PATHS = (
					"$(inherited)",
					"@executable_path/Frameworks",
					"@loader_path/Frameworks",
				);
				PRODUCT_BUNDLE_IDENTIFIER = edu.berkeley.griffinprechter.MinecraftServerStatusUITests;
				PRODUCT_NAME = "$(TARGET_NAME)";
				SWIFT_VERSION = 4.0;
				TARGETED_DEVICE_FAMILY = "1,2";
				TEST_TARGET_NAME = MinecraftServerStatus;
			};
			name = Release;
		};
/* End XCBuildConfiguration section */

/* Begin XCConfigurationList section */
		9A15AB44210D13B7005696F4 /* Build configuration list for PBXProject "MinecraftServerStatus" */ = {
			isa = XCConfigurationList;
			buildConfigurations = (
				9A15AB6F210D13B8005696F4 /* Debug */,
				9A15AB70210D13B8005696F4 /* Release */,
			);
			defaultConfigurationIsVisible = 0;
			defaultConfigurationName = Release;
		};
		9A15AB71210D13B8005696F4 /* Build configuration list for PBXNativeTarget "MinecraftServerStatus" */ = {
			isa = XCConfigurationList;
			buildConfigurations = (
				9A15AB72210D13B8005696F4 /* Debug */,
				9A15AB73210D13B8005696F4 /* Release */,
			);
			defaultConfigurationIsVisible = 0;
			defaultConfigurationName = Release;
		};
		9A15AB74210D13B8005696F4 /* Build configuration list for PBXNativeTarget "MinecraftServerStatusTests" */ = {
			isa = XCConfigurationList;
			buildConfigurations = (
				9A15AB75210D13B8005696F4 /* Debug */,
				9A15AB76210D13B8005696F4 /* Release */,
			);
			defaultConfigurationIsVisible = 0;
			defaultConfigurationName = Release;
		};
		9A15AB77210D13B8005696F4 /* Build configuration list for PBXNativeTarget "MinecraftServerStatusUITests" */ = {
			isa = XCConfigurationList;
			buildConfigurations = (
				9A15AB78210D13B8005696F4 /* Debug */,
				9A15AB79210D13B8005696F4 /* Release */,
			);
			defaultConfigurationIsVisible = 0;
			defaultConfigurationName = Release;
		};
/* End XCConfigurationList section */
	};
	rootObject = 9A15AB41210D13B7005696F4 /* Project object */;
}
